{
    "_meta": {
        "hash": {
            "sha256": "e79861021f8e53cfcf62e6b33bdca8ac00adc36f71b97dd6288677aa916bd503"
        },
        "pipfile-spec": 6,
        "requires": {},
        "sources": [
            {
                "name": "pypi",
                "url": "https://pypi.org/simple",
                "verify_ssl": true
            }
        ]
    },
    "default": {
        "adafruit-blinka": {
            "hashes": [
                "sha256:2df80c4cbcd17a8b625e21216bfd0f05b344e20f37080c0893416085a62971d9"
            ],
            "index": "pypi",
            "version": "==6.15.0"
        },
        "adafruit-circuitpython-dht": {
            "hashes": [
                "sha256:a4546d1349a51f8182748f8e0253dcb9ae68802e963cdcf01edb343ebc6f435a"
            ],
            "index": "pypi",
            "version": "==3.6.2"
        },
        "adafruit-platformdetect": {
            "hashes": [
                "sha256:33ed2ad6efd97008363e28bf0769f4bfeaf0ff32008de55e8ff553862f4d2f02"
            ],
            "markers": "python_version >= '3.6'",
            "version": "==3.17.1"
        },
        "adafruit-pureio": {
            "hashes": [
                "sha256:2caf22fb07c7f771d83267f331a76cde314723f884a9570ea6f768730c87a879"
            ],
            "markers": "python_full_version >= '3.5.0'",
            "version": "==1.1.9"
        },
        "certifi": {
            "hashes": [
                "sha256:78884e7c1d4b00ce3cea67b44566851c4343c120abd683433ce934a68ea58872",
                "sha256:d62a0163eb4c2344ac042ab2bdf75399a71a2d8c7d47eac2e2ee91b9d6339569"
            ],
            "version": "==2021.10.8"
        },
        "charset-normalizer": {
            "hashes": [
                "sha256:e019de665e2bcf9c2b64e2e5aa025fa991da8720daa3c1138cadd2fd1856aed0",
                "sha256:f7af805c321bfa1ce6714c51f254e0d5bb5e5834039bc17db7ebe3a4cec9492b"
            ],
            "markers": "python_version >= '3'",
            "version": "==2.0.7"
        },
        "idna": {
            "hashes": [
                "sha256:84d9dd047ffa80596e0f246e2eab0b391788b0503584e8945f2368256d2735ff",
                "sha256:9d643ff0a55b762d5cdb124b8eaa99c66322e2157b69160bc32796e824360e6d"
            ],
            "markers": "python_version >= '3'",
            "version": "==3.3"
        },
        "imutils": {
            "hashes": [
                "sha256:03827a9fca8b5c540305c0844a62591cf35a0caec199cb0f2f0a4a0fb15d8f24"
            ],
            "index": "pypi",
            "version": "==0.5.4"
        },
        "numpy": {
            "hashes": [
                "sha256:043e83bfc274649c82a6f09836943e4a4aebe5e33656271c7dbf9621dd58b8ec",
                "sha256:160ccc1bed3a8371bf0d760971f09bfe80a3e18646620e9ded0ad159d9749baa",
                "sha256:188031f833bbb623637e66006cf75e933e00e7231f67e2b45cf8189612bb5dc3",
                "sha256:28f15209fb535dd4c504a7762d3bc440779b0e37d50ed810ced209e5cea60d96",
                "sha256:29fb3dcd0468b7715f8ce2c0c2d9bbbaf5ae686334951343a41bd8d155c6ea27",
                "sha256:2a6ee9620061b2a722749b391c0d80a0e2ae97290f1b32e28d5a362e21941ee4",
                "sha256:300321e3985c968e3ae7fbda187237b225f3ffe6528395a5b7a5407f73cf093e",
                "sha256:32437f0b275c1d09d9c3add782516413e98cd7c09e6baf4715cbce781fc29912",
                "sha256:3c09418a14471c7ae69ba682e2428cae5b4420a766659605566c0fa6987f6b7e",
                "sha256:49c6249260890e05b8111ebfc391ed58b3cb4b33e63197b2ec7f776e45330721",
                "sha256:4cc9b512e9fb590797474f58b7f6d1f1b654b3a94f4fa8558b48ca8b3cfc97cf",
                "sha256:508b0b513fa1266875524ba8a9ecc27b02ad771fe1704a16314dc1a816a68737",
                "sha256:50cd26b0cf6664cb3b3dd161ba0a09c9c1343db064e7c69f9f8b551f5104d654",
                "sha256:5c4193f70f8069550a1788bd0cd3268ab7d3a2b70583dfe3b2e7f421e9aace06",
                "sha256:5dfe9d6a4c39b8b6edd7990091fea4f852888e41919d0e6722fe78dd421db0eb",
                "sha256:63571bb7897a584ca3249c86dd01c10bcb5fe4296e3568b2e9c1a55356b6410e",
                "sha256:75621882d2230ab77fb6a03d4cbccd2038511491076e7964ef87306623aa5272",
                "sha256:75eb7cadc8da49302f5b659d40ba4f6d94d5045fbd9569c9d058e77b0514c9e4",
                "sha256:88a5d6b268e9ad18f3533e184744acdaa2e913b13148160b1152300c949bbb5f",
                "sha256:8a10968963640e75cc0193e1847616ab4c718e83b6938ae74dea44953950f6b7",
                "sha256:90bec6a86b348b4559b6482e2b684db4a9a7eed1fa054b86115a48d58fbbf62a",
                "sha256:98339aa9911853f131de11010f6dd94c8cec254d3d1f7261528c3b3e3219f139",
                "sha256:a99a6b067e5190ac6d12005a4d85aa6227c5606fa93211f86b1dafb16233e57d",
                "sha256:bffa2eee3b87376cc6b31eee36d05349571c236d1de1175b804b348dc0941e3f",
                "sha256:c6c2d535a7beb1f8790aaa98fd089ceab2e3dd7ca48aca0af7dc60e6ef93ffe1",
                "sha256:cc14e7519fab2a4ed87d31f99c31a3796e4e1fe63a86ebdd1c5a1ea78ebd5896",
                "sha256:dd0482f3fc547f1b1b5d6a8b8e08f63fdc250c58ce688dedd8851e6e26cff0f3",
                "sha256:dde972a1e11bb7b702ed0e447953e7617723760f420decb97305e66fb4afc54f",
                "sha256:e54af82d68ef8255535a6cdb353f55d6b8cf418a83e2be3569243787a4f4866f",
                "sha256:e606e6316911471c8d9b4618e082635cfe98876007556e89ce03d52ff5e8fcf0",
                "sha256:f41b018f126aac18583956c54544db437f25c7ee4794bcb23eb38bef8e5e192a",
                "sha256:f8f4625536926a155b80ad2bbff44f8cc59e9f2ad14cdda7acf4c135b4dc8ff2",
                "sha256:fe52dbe47d9deb69b05084abd4b0df7abb39a3c51957c09f635520abd49b29dd"
            ],
            "index": "pypi",
            "version": "==1.21.3"
        },
        "opencv-contrib-python": {
            "hashes": [
                "sha256:02d1fff3891301423075652406702fec7d194831f9549caf1ffd28139acbbe4c",
                "sha256:13e4d5f27435a1b6af7428e9baef136fafb755627961cc2b06b55d70343a9971",
                "sha256:1df89629e1319dd32618a3b81571ed5347b4cd856b27703d194545f1c6750f3f",
                "sha256:2eefbdb408a18e77d4dc7a45a4a26c6bdd13d1d3fdf7e186b6ab59000cb066af",
                "sha256:38bfd99d67f8eb910d5f995cdaaec041b7b049d3d5cb6caa4c6b52a034b8a99c",
                "sha256:39fa9c697815f99046247d3f3a74080d43afc62d061db7e55138dbd815863288",
                "sha256:3cbb1397122a2ebbb3a81ae7201f66298c244113125295ad101164cb11091655",
                "sha256:3dc27353402136dca52095e906e5a124dafb3e84e027f9a1c1e6b9fb9c06780f",
                "sha256:417e0a012db7d88f24ab8a37e354633c60f32133efc3b760d48fc6a5d55a1a60",
                "sha256:4904f4f7ac5b97ed6aaca2123a4c5fb4fba64ae69aed6eb62354348c773b292b",
                "sha256:4aacad9a1e74828f393566904fcb7da37ea75eae853b05a2d18ed126de8bef98",
                "sha256:673e4b536303d946daeef404dbbbbd981b42797997b80ce32be74651109175e2",
                "sha256:79dc3adbda860ddf91facdf96a98be4f8bedb396245f2f0e4d8997b4c72908e1",
                "sha256:7bfa0dfe2a1197cb1acafdda7cf348f932e562535f5974656220d7cf5e92c915",
                "sha256:8736606e69a6c0bcee479d32bf57181dd04da3016feee5a626eed0cb510bc92f",
                "sha256:8bef689bbb9e8a78037cf5d05f72af2b677e52d129f96c3e90c780451b15812e",
                "sha256:8fc536bbf455ca96509fc83719f709068f639227dbe5813267b53a415c785e4c",
                "sha256:9e07583a96cece2c04a644d8b4cac47576a75cc1c2f201dcf888983938795018",
                "sha256:adafd178ca1aa9346de816d63fe1daccf107a502e66294de0949ac2e931c1e08",
                "sha256:b6dc21fb87c805cd79384f09b2ffd771f3a326301b8e2a24939e274d4baeae3e",
                "sha256:c14a3330d34768f9fffc852066a0a8c3da7ed4220f4f54bce5ce7fae3ece9613",
                "sha256:c39891e60b5232aaabc5fa3038bb86b81989032b7bc4c93f7487087bc6c1bfa7",
                "sha256:d162f1fc70598499ddd494591255d0af916ae1e9933f0108717e67468a5ac968",
                "sha256:da4c647c7df07ecf1137abc6d20c38f99b171492439585e8c8e4697d31e9864e"
            ],
            "index": "pypi",
            "version": "==4.5.3.56"
        },
        "pms7003": {
            "hashes": [
                "sha256:0c71cf9d212f36d73359248ef558d14259b592b78f494dbdfcbf0631e4281d37",
                "sha256:a2f3be2cf01b71cd22d5bd6f671f5b0c6767acd0f50752a21b039235713a966f"
            ],
            "index": "pypi",
            "version": "==1.1.0"
        },
        "pyftdi": {
            "hashes": [
                "sha256:4ef20c246bdb0f278d283337d7a6e69cf9bdb0ead525e7ad867d9e46ad26e613",
                "sha256:6e86880ec6d66389de643ca83de5d59fffea3bd334f492e12fab71a832f878a2"
            ],
            "markers": "python_version >= '3.6'",
            "version": "==0.53.3"
        },
        "pyserial": {
            "hashes": [
                "sha256:3c77e014170dfffbd816e6ffc205e9842efb10be9f58ec16d3e8675b4925cddb",
                "sha256:c4451db6ba391ca6ca299fb3ec7bae67a5c55dde170964c7a14ceefec02f2cf0"
            ],
            "version": "==3.5"
        },
        "pyusb": {
            "hashes": [
                "sha256:2b4c7cb86dbadf044dfb9d3a4ff69fd217013dbe78a792177a3feb172449ea36",
                "sha256:a4cc7404a203144754164b8b40994e2849fde1cfff06b08492f12fff9d9de7b9"
            ],
            "markers": "python_version >= '3.6'",
            "version": "==1.2.1"
        },
        "requests": {
            "hashes": [
                "sha256:6c1246513ecd5ecd4528a0906f910e8f0f9c6b8ec72030dc9fd154dc1a6efd24",
                "sha256:b8aa58f8cf793ffd8782d3d8cb19e66ef36f7aba4353eec859e74678b01b07a7"
            ],
            "index": "pypi",
            "version": "==2.26.0"
        },
        "urllib3": {
            "hashes": [
                "sha256:4987c65554f7a2dbf30c18fd48778ef124af6fab771a377103da0585e2336ece",
                "sha256:c4fdf4019605b6e5423637e01bc9fe4daef873709a7973e195ceba0a62bbc844"
            ],
            "markers": "python_version >= '2.7' and python_version not in '3.0, 3.1, 3.2, 3.3, 3.4' and python_version < '4'",
            "version": "==1.26.7"
        }
    },
    "develop": {
        "black": {
            "hashes": [
                "sha256:6eb7448da9143ee65b856a5f3676b7dda98ad9abe0f87fce8c59291f15e82a5b",
                "sha256:a9952229092e325fe5f3dae56d81f639b23f7131eb840781947e4b2886030f33"
            ],
            "index": "pypi",
            "version": "==21.10b0"
        },
        "click": {
            "hashes": [
                "sha256:353f466495adaeb40b6b5f592f9f91cb22372351c84caeb068132442a4518ef3",
                "sha256:410e932b050f5eed773c4cda94de75971c89cdb3155a72a0831139a79e5ecb5b"
            ],
            "markers": "python_version >= '3.6'",
            "version": "==8.0.3"
        },
        "mypy-extensions": {
            "hashes": [
                "sha256:090fedd75945a69ae91ce1303b5824f428daf5a028d2f6ab8a299250a846f15d",
                "sha256:2d82818f5bb3e369420cb3c4060a7970edba416647068eb4c5343488a6c604a8"
            ],
            "version": "==0.4.3"
        },
        "pathspec": {
            "hashes": [
                "sha256:7d15c4ddb0b5c802d161efc417ec1a2558ea2653c2e8ad9c19098201dc1c993a",
                "sha256:e564499435a2673d586f6b2130bb5b95f04a3ba06f81b8f895b651a3c76aabb1"
            ],
            "version": "==0.9.0"
        },
        "platformdirs": {
            "hashes": [
                "sha256:367a5e80b3d04d2428ffa76d33f124cf11e8fff2acdaa9b43d545f5c7d661ef2",
                "sha256:8868bbe3c3c80d42f20156f22e7131d2fb321f5bc86a2a345375c6481a67021d"
            ],
            "markers": "python_version >= '3.6'",
            "version": "==2.4.0"
        },
        "regex": {
            "hashes": [
                "sha256:04ed2819b7c9d83ae3dfbbfea770f0d0780c732b5cbbd8269aa910dbe0205361",
                "sha256:05d8ddf6bb4f50342ecddee4deb621588a013afe13d9c77cf6eb58c5ad1bc21f",
                "sha256:09c9ff0c67f4949f14b2ddf935bc36cafd0fd4db6d3334a3e5a24a532773b2d1",
                "sha256:0aa74d18236f8a31b911caafc28aed2a8444bcca8e61eb377949771f84710ada",
                "sha256:0da1b6e39affa1b6da2106745c9d73f576ffe4484cbdfbd5e1c9b9872532eec8",
                "sha256:0ef40aa8e39dff52480e21c38b36486a0c256b3b93d0094e7a06ab517a246994",
                "sha256:197331fffc684af34534328a9e4a7d0a118d9a838b393b80abb7af4f709acad7",
                "sha256:1b4cf110002a8b6d039d2d4bed15095e5ddf3d9e4aa5eb67476eba0256c93893",
                "sha256:20675d8bd3c2cc8dbfafd60a220ec04d0018564f101f80a64e56f4e4ed0afe55",
                "sha256:29dfb06ef5c47b41dcb3bf4fdf2983c048711e16a3bf74814be14089a1933b3c",
                "sha256:2a394085589dc549ad976290c93f688620af898ac49d46269ad6cdf3ef29bc58",
                "sha256:2f189743257300e9b3a3b4fdea10f46bf6d33ef580856b2a6bfc2073653c2287",
                "sha256:3383f0d47e5e343fa5facd87a6f95de101c488d0aec1f41da00fcc019179aefc",
                "sha256:495d98445daaa4657093fc54a5d53cffe41acec5c1edac901aac8061fc7c2f85",
                "sha256:4b4d2b514c30a9c8f80f5d78ec978719f1c3823662a5ba0809c03f0cad4c5de6",
                "sha256:50ceaaaa88abec74393301336a2494734386cf3cafa51dde26367b139fe86336",
                "sha256:5867bc04011ee03ed3160df2f378cdee732aa3ed070b4760b029ebefbea6116c",
                "sha256:5b4036abc6b3307146a81358cd4d4d091bd9a2fe3edaca9b95f66e7ba6d06e20",
                "sha256:68939d7fdc417174ee4975fd78aec41ae484de606add311d1387011484ce1da3",
                "sha256:69e047c969f7b952bc55274e2b5189117ff2322b049a4c9143f94af8976b55f6",
                "sha256:6a1ed9aef9748d76cf39e08529be9209bdfcf34e70c9133abf966d954a59bc6d",
                "sha256:6b3f8852cf597388851c1d3d1073fb3694e5647303c002813aa230d41a9ec5fc",
                "sha256:6c26d8d18ae84584d58e34c9ac5c8528110483d080dca77626fd62cdb316c0a2",
                "sha256:724a1601ae73521e1e9fda0a3015915ae0d1931772802fcf7f0dd83f111d11d2",
                "sha256:75ad34d49fdd9faef0f4ccf9286c63ee9610d4664d92b13cdb4c4407e834921c",
                "sha256:767cb9ba1e6151692fd27449f06550fbdbd82b42236b5a31bac862a1da628860",
                "sha256:78c80cd9939b42eeac4f0556f689a6eda987b81678149071853391b922d98f64",
                "sha256:7f44ee70fa7f346551550f8ec4650a4354b9494c0d1dfa08100fe056d6910388",
                "sha256:8228e75d340e48b360d5e963acf1332b5c9080f73ec6ce8cf483ec7e0542f2dd",
                "sha256:86baabf4f346b612665ab9f5f38377def21f824c89574e71c67e5c38e4971e5c",
                "sha256:8ae9d75bbfebd402e1254b09a721c037ec9f018750a5091bea8c705729bbf5c1",
                "sha256:95fa9665d8dac10c109a3dcc7d476b7f27b32fe22190b433c2a2b7eb903aa646",
                "sha256:a3abab9f5d487061b0d99beb5ff2d1619a3652c8b785bc66aca7682d8b7d4116",
                "sha256:a5bb5637a2fe6d8710d5f0b5600556c64fb3d49449502e9dece2038a9753e8b8",
                "sha256:b06599e60c421fb0512a2cef8553e6ea072a72081e51158f487e2d207b947aa9",
                "sha256:b0bd3cccb9e6e61ed64a01075353ded1e012b8c4af222496eb5478dc48a5c0b4",
                "sha256:b662e04e0fc8f3b99d9beacecc5e000b9a68bdb25ba5b64211ebe263e907f3a2",
                "sha256:b77c919379409ae92a5b13ef2452c509632efaa40b926fab9eac7839ae9a266a",
                "sha256:c1f3b0f23437eea6c1781bcc7d1d14f7c8a3032142ac660dc7ca43ba1a139e30",
                "sha256:c61568c1633abfddd21552a261d3e1a83eda7e3fb1d46e148d61fd41d5541a8d",
                "sha256:cc93c277d6793a26cdb9bcadc6d6d9db9c6a6cf2aae207bbaef2f16d53570d43",
                "sha256:ce0625900e4d6d9a43f50e897f6aaa1a52e5e4931f994a1b8e9f6a4e49185e4e",
                "sha256:cef78eab573f07378f26662f24d28c706e6765a95980cce98a91d025d481ab95",
                "sha256:cf725b99f897b8e6d24d8b102320a31551530d7aae1e2fe42eb1ee85173f57b6",
                "sha256:d9108787c320940acc6676000716c3dc1734db9e14facbd98c13920972aee21b",
                "sha256:dd31271de74c8f3e296644f9a12d9ad60bdc3fc8d3b8e8a26ccbf777169e5a0d",
                "sha256:e4f6741b5506cbad28bfc46397c2e267ca59b357c075ea6b68f7781c5a8b150a",
                "sha256:e829fc2a1bcbb18c6579fd5fb563b93f25973b0451cf4e2a22933c991792e2cb",
                "sha256:ea372838910264443ad233a92a20279574b7f0e9743b5e5de526e274895b7274"
            ],
            "version": "==2021.11.1"
        },
        "tomli": {
            "hashes": [
                "sha256:c6ce0015eb38820eaf32b5db832dbc26deb3dd427bd5f6556cf0acac2c214fee",
                "sha256:f04066f68f5554911363063a30b108d2b5a5b1a010aa8b6132af78489fe3aade"
            ],
            "markers": "python_version >= '3.6'",
            "version": "==1.2.2"
        },
        "typing-extensions": {
            "hashes": [
                "sha256:49f75d16ff11f1cd258e1b988ccff82a3ca5570217d7ad8c5f48205dd99a677e",
                "sha256:d8226d10bc02a29bcc81df19a26e56a9647f8b0a6d4a83924139f4a8b01f17b7",
                "sha256:f1d25edafde516b146ecd0613dabcc61409817af4766fbbcfb8d1ad4ec441a34"
            ],
            "version": "==3.10.0.2"
        }
    }
}
